Microsoft Visual Studio Solution File, Format Version 12.00
# Visual Studio Version 17
VisualStudioVersion = 17.5.2.0
MinimumVisualStudioVersion = 10.0.40219.1
Project("{FAE04EC0-301F-11D3-BF4B-00C04F79EFBC}") = "BarberDemo", "BarberDemo.csproj", "{7EA1FE19-B875-5696-64C1-EC1E15E69EAE}"
EndProject
Global
	GlobalSection(SolutionConfigurationPlatforms) = preSolution
		Debug|Any CPU = Debug|Any CPU
		Release|Any CPU = Release|Any CPU
	EndGlobalSection
	GlobalSection(ProjectConfigurationPlatforms) = postSolution
		{7EA1FE19-B875-5696-64C1-EC1E15E69EAE}.Debug|Any CPU.ActiveCfg = Debug|Any CPU
		{7EA1FE19-B875-5696-64C1-EC1E15E69EAE}.Debug|Any CPU.Build.0 = Debug|Any CPU
		{7EA1FE19-B875-5696-64C1-EC1E15E69EAE}.Release|Any CPU.ActiveCfg = Release|Any CPU
		{7EA1FE19-B875-5696-64C1-EC1E15E69EAE}.Release|Any CPU.Build.0 = Release|Any CPU
	EndGlobalSection
	GlobalSection(SolutionProperties) = preSolution
		HideSolutionNode = FALSE
	EndGlobalSection
	GlobalSection(ExtensibilityGlobals) = postSolution
		SolutionGuid = {6FC4C5E2-E470-49AF-94EA-EEAFCE95A96A}
	EndGlobalSection
EndGlobal
